
Microsoft Visual Studio Solution File, Format Version 12.00
# Visual Studio Version 17
VisualStudioVersion = 17.14.36310.24
MinimumVisualStudioVersion = 10.0.40219.1
Project("{FAE04EC0-301F-11D3-BF4B-00C04F79EFBC}") = "DataModel", "DataModel\DataModel.csproj", "{DFB66F7B-CEF3-4A5B-B4D0-5001D862BAD0}"
EndProject
Project("{FAE04EC0-301F-11D3-BF4B-00C04F79EFBC}") = "Contracts", "Contracts\Contracts.csproj", "{4F60566C-B504-47C9-8AEA-79A99A88EB68}"
EndProject
Project("{FAE04EC0-301F-11D3-BF4B-00C04F79EFBC}") = "DataBaseImplements", "DataBaseImplements\DataBaseImplements.csproj", "{387A8A6A-6A16-4447-8134-AE5C71C63D21}"
EndProject
Project("{FAE04EC0-301F-11D3-BF4B-00C04F79EFBC}") = "Interactors", "Interactors\Interactors.csproj", "{4ACF3843-B30F-4F5F-969C-309B51055E57}"
EndProject
Project("{FAE04EC0-301F-11D3-BF4B-00C04F79EFBC}") = "Presenters", "UserPresenter\Presenters.csproj", "{D65C743A-BAD1-4E85-B2E2-B9CD9E726B86}"
EndProject
Project("{FAE04EC0-301F-11D3-BF4B-00C04F79EFBC}") = "WebRestAPI", "WebRestAPI\WebRestAPI.csproj", "{8979FB5E-23F8-3EFE-729E-4D7B24F8FDCE}"
EndProject
Project("{FAE04EC0-301F-11D3-BF4B-00C04F79EFBC}") = "WebClietn", "WebClietn\WebClietn.csproj", "{D027808F-D261-4D72-9781-93F07534D6BA}"
EndProject
Global
	GlobalSection(SolutionConfigurationPlatforms) = preSolution
		Debug|Any CPU = Debug|Any CPU
		Release|Any CPU = Release|Any CPU
	EndGlobalSection
	GlobalSection(ProjectConfigurationPlatforms) = postSolution
		{DFB66F7B-CEF3-4A5B-B4D0-5001D862BAD0}.Debug|Any CPU.ActiveCfg = Debug|Any CPU
		{DFB66F7B-CEF3-4A5B-B4D0-5001D862BAD0}.Debug|Any CPU.Build.0 = Debug|Any CPU
		{DFB66F7B-CEF3-4A5B-B4D0-5001D862BAD0}.Release|Any CPU.ActiveCfg = Release|Any CPU
		{DFB66F7B-CEF3-4A5B-B4D0-5001D862BAD0}.Release|Any CPU.Build.0 = Release|Any CPU
		{4F60566C-B504-47C9-8AEA-79A99A88EB68}.Debug|Any CPU.ActiveCfg = Debug|Any CPU
		{4F60566C-B504-47C9-8AEA-79A99A88EB68}.Debug|Any CPU.Build.0 = Debug|Any CPU
		{4F60566C-B504-47C9-8AEA-79A99A88EB68}.Release|Any CPU.ActiveCfg = Release|Any CPU
		{4F60566C-B504-47C9-8AEA-79A99A88EB68}.Release|Any CPU.Build.0 = Release|Any CPU
		{387A8A6A-6A16-4447-8134-AE5C71C63D21}.Debug|Any CPU.ActiveCfg = Debug|Any CPU
		{387A8A6A-6A16-4447-8134-AE5C71C63D21}.Debug|Any CPU.Build.0 = Debug|Any CPU
		{387A8A6A-6A16-4447-8134-AE5C71C63D21}.Release|Any CPU.ActiveCfg = Release|Any CPU
		{387A8A6A-6A16-4447-8134-AE5C71C63D21}.Release|Any CPU.Build.0 = Release|Any CPU
		{4ACF3843-B30F-4F5F-969C-309B51055E57}.Debug|Any CPU.ActiveCfg = Debug|Any CPU
		{4ACF3843-B30F-4F5F-969C-309B51055E57}.Debug|Any CPU.Build.0 = Debug|Any CPU
		{4ACF3843-B30F-4F5F-969C-309B51055E57}.Release|Any CPU.ActiveCfg = Release|Any CPU
		{4ACF3843-B30F-4F5F-969C-309B51055E57}.Release|Any CPU.Build.0 = Release|Any CPU
		{D65C743A-BAD1-4E85-B2E2-B9CD9E726B86}.Debug|Any CPU.ActiveCfg = Debug|Any CPU
		{D65C743A-BAD1-4E85-B2E2-B9CD9E726B86}.Debug|Any CPU.Build.0 = Debug|Any CPU
		{D65C743A-BAD1-4E85-B2E2-B9CD9E726B86}.Release|Any CPU.ActiveCfg = Release|Any CPU
		{D65C743A-BAD1-4E85-B2E2-B9CD9E726B86}.Release|Any CPU.Build.0 = Release|Any CPU
		{8979FB5E-23F8-3EFE-729E-4D7B24F8FDCE}.Debug|Any CPU.ActiveCfg = Debug|Any CPU
		{8979FB5E-23F8-3EFE-729E-4D7B24F8FDCE}.Debug|Any CPU.Build.0 = Debug|Any CPU
		{8979FB5E-23F8-3EFE-729E-4D7B24F8FDCE}.Release|Any CPU.ActiveCfg = Release|Any CPU
		{8979FB5E-23F8-3EFE-729E-4D7B24F8FDCE}.Release|Any CPU.Build.0 = Release|Any CPU
		{D027808F-D261-4D72-9781-93F07534D6BA}.Debug|Any CPU.ActiveCfg = Debug|Any CPU
		{D027808F-D261-4D72-9781-93F07534D6BA}.Debug|Any CPU.Build.0 = Debug|Any CPU
		{D027808F-D261-4D72-9781-93F07534D6BA}.Release|Any CPU.ActiveCfg = Release|Any CPU
		{D027808F-D261-4D72-9781-93F07534D6BA}.Release|Any CPU.Build.0 = Release|Any CPU
	EndGlobalSection
	GlobalSection(SolutionProperties) = preSolution
		HideSolutionNode = FALSE
	EndGlobalSection
	GlobalSection(ExtensibilityGlobals) = postSolution
		SolutionGuid = {45E03B81-52A2-4EA0-81CA-3C1CC390EC06}
	EndGlobalSection
EndGlobal
